
Microsoft Visual Studio Solution File, Format Version 12.00
# Visual Studio Version 17
VisualStudioVersion = 17.6.33829.357
MinimumVisualStudioVersion = 10.0.40219.1
Project("{8BC9CEB8-8B4A-11D0-8D11-00A0C91BC942}") = "Task 1", "Task 1\Task 1.vcxproj", "{F325F0B4-CEDF-4B5E-A01C-462641A31FA5}"
EndProject
Project("{8BC9CEB8-8B4A-11D0-8D11-00A0C91BC942}") = "Utils", "Utils\Utils.vcxproj", "{A4BD233A-A30E-4087-98AB-3573CD30DF9B}"
EndProject
Project("{8BC9CEB8-8B4A-11D0-8D11-00A0C91BC942}") = "Task 2", "Task 2\Task 2.vcxproj", "{18016500-9CE8-4162-82FB-63100A4DB51A}"
EndProject
Project("{8BC9CEB8-8B4A-11D0-8D11-00A0C91BC942}") = "Task 3", "Task 3\Task 3.vcxproj", "{E7105126-AF89-421D-9F9B-125607002A72}"
EndProject
Project("{8BC9CEB8-8B4A-11D0-8D11-00A0C91BC942}") = "Task 4", "Task 4\Task 4.vcxproj", "{54E101B0-3A69-4E78-8A4C-3D7F78EF6AE5}"
EndProject
Global
	GlobalSection(SolutionConfigurationPlatforms) = preSolution
		Debug|x64 = Debug|x64
		Debug|x86 = Debug|x86
		Release|x64 = Release|x64
		Release|x86 = Release|x86
	EndGlobalSection
	GlobalSection(ProjectConfigurationPlatforms) = postSolution
		{F325F0B4-CEDF-4B5E-A01C-462641A31FA5}.Debug|x64.ActiveCfg = Debug|x64
		{F325F0B4-CEDF-4B5E-A01C-462641A31FA5}.Debug|x64.Build.0 = Debug|x64
		{F325F0B4-CEDF-4B5E-A01C-462641A31FA5}.Debug|x86.ActiveCfg = Debug|Win32
		{F325F0B4-CEDF-4B5E-A01C-462641A31FA5}.Debug|x86.Build.0 = Debug|Win32
		{F325F0B4-CEDF-4B5E-A01C-462641A31FA5}.Release|x64.ActiveCfg = Release|x64
		{F325F0B4-CEDF-4B5E-A01C-462641A31FA5}.Release|x64.Build.0 = Release|x64
		{F325F0B4-CEDF-4B5E-A01C-462641A31FA5}.Release|x86.ActiveCfg = Release|Win32
		{F325F0B4-CEDF-4B5E-A01C-462641A31FA5}.Release|x86.Build.0 = Release|Win32
		{A4BD233A-A30E-4087-98AB-3573CD30DF9B}.Debug|x64.ActiveCfg = Debug|x64
		{A4BD233A-A30E-4087-98AB-3573CD30DF9B}.Debug|x64.Build.0 = Debug|x64
		{A4BD233A-A30E-4087-98AB-3573CD30DF9B}.Debug|x86.ActiveCfg = Debug|Win32
		{A4BD233A-A30E-4087-98AB-3573CD30DF9B}.Debug|x86.Build.0 = Debug|Win32
		{A4BD233A-A30E-4087-98AB-3573CD30DF9B}.Release|x64.ActiveCfg = Release|x64
		{A4BD233A-A30E-4087-98AB-3573CD30DF9B}.Release|x64.Build.0 = Release|x64
		{A4BD233A-A30E-4087-98AB-3573CD30DF9B}.Release|x86.ActiveCfg = Release|Win32
		{A4BD233A-A30E-4087-98AB-3573CD30DF9B}.Release|x86.Build.0 = Release|Win32
		{18016500-9CE8-4162-82FB-63100A4DB51A}.Debug|x64.ActiveCfg = Debug|x64
		{18016500-9CE8-4162-82FB-63100A4DB51A}.Debug|x64.Build.0 = Debug|x64
		{18016500-9CE8-4162-82FB-63100A4DB51A}.Debug|x86.ActiveCfg = Debug|Win32
		{18016500-9CE8-4162-82FB-63100A4DB51A}.Debug|x86.Build.0 = Debug|Win32
		{18016500-9CE8-4162-82FB-63100A4DB51A}.Release|x64.ActiveCfg = Release|x64
		{18016500-9CE8-4162-82FB-63100A4DB51A}.Release|x64.Build.0 = Release|x64
		{18016500-9CE8-4162-82FB-63100A4DB51A}.Release|x86.ActiveCfg = Release|Win32
		{18016500-9CE8-4162-82FB-63100A4DB51A}.Release|x86.Build.0 = Release|Win32
		{E7105126-AF89-421D-9F9B-125607002A72}.Debug|x64.ActiveCfg = Debug|x64
		{E7105126-AF89-421D-9F9B-125607002A72}.Debug|x64.Build.0 = Debug|x64
		{E7105126-AF89-421D-9F9B-125607002A72}.Debug|x86.ActiveCfg = Debug|Win32
		{E7105126-AF89-421D-9F9B-125607002A72}.Debug|x86.Build.0 = Debug|Win32
		{E7105126-AF89-421D-9F9B-125607002A72}.Release|x64.ActiveCfg = Release|x64
		{E7105126-AF89-421D-9F9B-125607002A72}.Release|x64.Build.0 = Release|x64
		{E7105126-AF89-421D-9F9B-125607002A72}.Release|x86.ActiveCfg = Release|Win32
		{E7105126-AF89-421D-9F9B-125607002A72}.Release|x86.Build.0 = Release|Win32
		{54E101B0-3A69-4E78-8A4C-3D7F78EF6AE5}.Debug|x64.ActiveCfg = Debug|x64
		{54E101B0-3A69-4E78-8A4C-3D7F78EF6AE5}.Debug|x64.Build.0 = Debug|x64
		{54E101B0-3A69-4E78-8A4C-3D7F78EF6AE5}.Debug|x86.ActiveCfg = Debug|Win32
		{54E101B0-3A69-4E78-8A4C-3D7F78EF6AE5}.Debug|x86.Build.0 = Debug|Win32
		{54E101B0-3A69-4E78-8A4C-3D7F78EF6AE5}.Release|x64.ActiveCfg = Release|x64
		{54E101B0-3A69-4E78-8A4C-3D7F78EF6AE5}.Release|x64.Build.0 = Release|x64
		{54E101B0-3A69-4E78-8A4C-3D7F78EF6AE5}.Release|x86.ActiveCfg = Release|Win32
		{54E101B0-3A69-4E78-8A4C-3D7F78EF6AE5}.Release|x86.Build.0 = Release|Win32
	EndGlobalSection
	GlobalSection(SolutionProperties) = preSolution
		HideSolutionNode = FALSE
	EndGlobalSection
	GlobalSection(ExtensibilityGlobals) = postSolution
		SolutionGuid = {1529B976-185C-407F-AE23-93FB41A32DB1}
	EndGlobalSection
EndGlobal
